
Microsoft Visual Studio Solution File, Format Version 12.00
# Visual Studio Version 16
VisualStudioVersion = 16.0.29411.138
MinimumVisualStudioVersion = 10.0.40219.1
Project("{FAE04EC0-301F-11D3-BF4B-00C04F79EFBC}") = "Exsplorer 2.0", "Exsplorer 2.0\Exsplorer 2.0.csproj", "{B978BE87-F8EF-4853-B7B6-21520CD0BE1F}"
EndProject
Global
	GlobalSection(SolutionConfigurationPlatforms) = preSolution
		Debug|Any CPU = Debug|Any CPU
		Release|Any CPU = Release|Any CPU
	EndGlobalSection
	GlobalSection(ProjectConfigurationPlatforms) = postSolution
		{B978BE87-F8EF-4853-B7B6-21520CD0BE1F}.Debug|Any CPU.ActiveCfg = Debug|Any CPU
		{B978BE87-F8EF-4853-B7B6-21520CD0BE1F}.Debug|Any CPU.Build.0 = Debug|Any CPU
		{B978BE87-F8EF-4853-B7B6-21520CD0BE1F}.Release|Any CPU.ActiveCfg = Release|Any CPU
		{B978BE87-F8EF-4853-B7B6-21520CD0BE1F}.Release|Any CPU.Build.0 = Release|Any CPU
	EndGlobalSection
	GlobalSection(SolutionProperties) = preSolution
		HideSolutionNode = FALSE
	EndGlobalSection
	GlobalSection(ExtensibilityGlobals) = postSolution
		SolutionGuid = {5D5FD44E-D459-4871-8475-078AC1EB36BC}
	EndGlobalSection
EndGlobal
